{
  "version": 4,
  "terraform_version": "1.7.2",
  "serial": 28,
  "lineage": "022f712e-2f24-ade5-c932-a4b699e801e8",
  "outputs": {},
  "resources": [
    {
      "mode": "managed",
      "type": "google_container_cluster",
      "name": "cluser-1",
      "provider": "provider[\"registry.terraform.io/hashicorp/google\"]",
      "instances": [
        {
          "schema_version": 1,
          "attributes": {
            "addons_config": [
              {
                "cloudrun_config": [],
                "config_connector_config": [],
                "dns_cache_config": [],
                "gce_persistent_disk_csi_driver_config": [
                  {
                    "enabled": true
                  }
                ],
                "gcp_filestore_csi_driver_config": [],
                "gcs_fuse_csi_driver_config": [],
                "gke_backup_agent_config": [],
                "horizontal_pod_autoscaling": [],
                "http_load_balancing": [],
                "network_policy_config": [
                  {
                    "disabled": true
                  }
                ]
              }
            ],
            "allow_net_admin": null,
            "authenticator_groups_config": [],
            "binary_authorization": [
              {
                "enabled": false,
                "evaluation_mode": ""
              }
            ],
            "cluster_autoscaling": [
              {
                "auto_provisioning_defaults": [],
                "enabled": false,
                "resource_limits": []
              }
            ],
            "cluster_ipv4_cidr": "10.28.0.0/14",
            "confidential_nodes": [],
            "cost_management_config": [],
            "database_encryption": [
              {
                "key_name": "",
                "state": "DECRYPTED"
              }
            ],
            "datapath_provider": "",
            "default_max_pods_per_node": null,
            "default_snat_status": [
              {
                "disabled": false
              }
            ],
            "description": "",
            "dns_config": [],
            "enable_autopilot": false,
            "enable_binary_authorization": false,
            "enable_intranode_visibility": false,
            "enable_k8s_beta_apis": [],
            "enable_kubernetes_alpha": false,
            "enable_l4_ilb_subsetting": false,
            "enable_legacy_abac": false,
            "enable_shielded_nodes": true,
            "enable_tpu": false,
            "endpoint": "34.31.194.38",
            "gateway_api_config": [],
            "id": "projects/notional-device-422008-e2/locations/us-central1-a/clusters/notional-device-422008-e2-gke",
            "initial_node_count": 2,
            "ip_allocation_policy": [],
            "label_fingerprint": "a9dc16a7",
            "location": "us-central1-a",
            "logging_config": [
              {
                "enable_components": [
                  "SYSTEM_COMPONENTS",
                  "WORKLOADS"
                ]
              }
            ],
            "logging_service": "logging.googleapis.com/kubernetes",
            "maintenance_policy": [],
            "master_auth": [
              {
                "client_certificate": "",
                "client_certificate_config": [
                  {
                    "issue_client_certificate": false
                  }
                ],
                "client_key": "",
                "cluster_ca_certificate": "LS0tLS1CRUdJTiBDRVJUSUZJQ0FURS0tLS0tCk1JSUVMRENDQXBTZ0F3SUJBZ0lRVWNneTFGZ2RKdjBjQW5nb1lKR1lTREFOQmdrcWhraUc5dzBCQVFzRkFEQXYKTVMwd0t3WURWUVFERXlSbE1USm1NRGxpT1MwMVpHUXdMVFF6TXpVdE9UY3pOaTB5WVRFNFl6VTNNR1V6WkRrdwpJQmNOTWpRd05USXdNRGN3TkRBeFdoZ1BNakExTkRBMU1UTXdPREEwTURGYU1DOHhMVEFyQmdOVkJBTVRKR1V4Ck1tWXdPV0k1TFRWa1pEQXRORE16TlMwNU56TTJMVEpoTVRoak5UY3daVE5rT1RDQ0FhSXdEUVlKS29aSWh2Y04KQVFFQkJRQURnZ0dQQURDQ0FZb0NnZ0dCQU9iZWFHNE9QVjhqZDRKNE0rWlBReWRIMlZhR0JXOHRtVlFoQlFGcQpHNFQrWTBnaTJ2ak1rbXRVTk5sR0RTaDZZUHNTU3Z4MUt5Skp1NW9qa1NHWGtxeGtDOGR4c3JJUGlQTmFWd3hMCkFjemxtU2htcGhOMm5wWjJQalhjU3lEMXdSVk9EOG53UEdIdGFOOTA5ZW05MjgveUpxcUQ0Uy92SG5NT1pwcFUKK0dZdFRuUzlCVlZhVlF4cVJ6Y0NkeHd2b09iZkVJNzJxMzE1NW1qa0JwcWVyN0xFSTZnTTI3V25zakppTXlQUQpwVm9EcHRORWxEM2FFOS8xMnNGZVV4R3BoVlNqUGQ1clN5cHRpWkZIR0liNERIRnU2akY3aUpDMVBRWUdBNHpkClUzVG5NeUpGS2VWU3RRSVp4OG4xUXJlV3dJNlQwYnJ1elBjM3lOcDB2S1BUcUk0aEhHU093T0FHTUE2RzBzQWIKdXhnTUd5VS9SRUdxZWpVVUNOVFRBQnRSQ3V4ZGhGclRDTFhMSGFQbmEzMzZWVE11ekkrQjdxSElPUFFkMVpGNQpYRnJJV2lEMVZUMlFXaWtjZnZ3dWlEMjM3RVpHVFFJL3l5ZHJqSlZ0MmFoUXBCSzJjNDFjL2JDT292c0J0WTNjCjUzUTZiZVpaWG8rVjJDZ1JkdnowNWhwK01RSURBUUFCbzBJd1FEQU9CZ05WSFE4QkFmOEVCQU1DQWdRd0R3WUQKVlIwVEFRSC9CQVV3QXdFQi96QWRCZ05WSFE0RUZnUVVGSlNuRlRtNjFwbEwxcGd1UUZaVlFvRVFqaTB3RFFZSgpLb1pJaHZjTkFRRUxCUUFEZ2dHQkFFR25WOXFlKzB0K1YvMVFSTloxOVB2d3VqLzl3RFJKcytiM1diTWJZcG9lCkI1NDIybTN4UE9HaWZ0NXJYUFBWUzJiNzNjdnZqdzMvaUVFTWVTSFdMa29QM2pRaktFWkxDeUl6RWx3SWxPM2kKQmNOSmRDRFM5elU1RnVML1BtS0V1ZUh5ak1MU3VYd0N3ZkVzTGZBdGRsY2JNTE9HT3hYYmVKUDRmUDFHdFNqaApWNXd0Y3FOaDJFWkFHWFFpRXA5dkUzaFFSTFZUUTl0SGJ2elFDMkZBa1o0UUtjVU96Q2FPZmppaHlVZnNoS0FFClFnQVF6VFRpbEdLVWU3YXZRS3ErM3dkUjdUK0pvbzlNTnJnMG1TTS96aTRwZHlDMHZVTmc0MVNyRnREcHNpVWcKcjJER3VlcXhLVWpKRUx1NmJmcnUwYW9pZnpmNDFLSTR2Uk9jYzlPKzRPSFJaclkwUHROenh4blZyVGZNbFZCbApxMXZFall2ekhzQ2l4RnBSNkcxTDBydGVIdmlOQW8zdmpBMzRGWXV5M0dZNVBkSEFMNEtOZWNoYVZNVWlkMjhFCk03ZUdzLzVrc3dYSnFzbExua0JqQ1RyMUk2bWl0QWtEdjJDV3RwU3hBbkdYNFJLMEdSUSs2SXZkd3pJdzd4TGcKQ3d6VUVJbW0yZHN4bW0rcnM1QnFFQT09Ci0tLS0tRU5EIENFUlRJRklDQVRFLS0tLS0K"
              }
            ],
            "master_authorized_networks_config": [],
            "master_version": "1.28.7-gke.1026000",
            "mesh_certificates": [],
            "min_master_version": null,
            "monitoring_config": [
              {
                "advanced_datapath_observability_config": [
                  {
                    "enable_metrics": false,
                    "relay_mode": ""
                  }
                ],
                "enable_components": [
                  "SYSTEM_COMPONENTS"
                ],
                "managed_prometheus": [
                  {
                    "enabled": true
                  }
                ]
              }
            ],
            "monitoring_service": "monitoring.googleapis.com/kubernetes",
            "name": "notional-device-422008-e2-gke",
            "network": "projects/notional-device-422008-e2/global/networks/default",
            "network_policy": [
              {
                "enabled": false,
                "provider": "PROVIDER_UNSPECIFIED"
              }
            ],
            "networking_mode": "ROUTES",
            "node_config": [],
            "node_locations": [],
            "node_pool": [],
            "node_pool_defaults": [
              {
                "node_config_defaults": [
                  {
                    "logging_variant": "DEFAULT"
                  }
                ]
              }
            ],
            "node_version": "1.28.7-gke.1026000",
            "notification_config": [
              {
                "pubsub": [
                  {
                    "enabled": false,
                    "filter": [],
                    "topic": ""
                  }
                ]
              }
            ],
            "operation": null,
            "private_cluster_config": [
              {
                "enable_private_endpoint": false,
                "enable_private_nodes": false,
                "master_global_access_config": [
                  {
                    "enabled": false
                  }
                ],
                "master_ipv4_cidr_block": "",
                "peering_name": "",
                "private_endpoint": "10.128.15.192",
                "private_endpoint_subnetwork": "",
                "public_endpoint": "34.31.194.38"
              }
            ],
            "private_ipv6_google_access": "",
            "project": "notional-device-422008-e2",
            "release_channel": [
              {
                "channel": "REGULAR"
              }
            ],
            "remove_default_node_pool": true,
            "resource_labels": null,
            "resource_usage_export_config": [],
            "security_posture_config": [
              {
                "mode": "BASIC",
                "vulnerability_mode": "VULNERABILITY_MODE_UNSPECIFIED"
              }
            ],
            "self_link": "https://container.googleapis.com/v1/projects/notional-device-422008-e2/zones/us-central1-a/clusters/notional-device-422008-e2-gke",
            "service_external_ips_config": [
              {
                "enabled": false
              }
            ],
            "services_ipv4_cidr": "10.31.240.0/20",
            "subnetwork": "projects/notional-device-422008-e2/regions/us-central1/subnetworks/default",
            "timeouts": null,
            "tpu_ipv4_cidr_block": "",
            "vertical_pod_autoscaling": [],
            "workload_identity_config": []
          },
          "sensitive_attributes": [],
          "private": "eyJlMmJmYjczMC1lY2FhLTExZTYtOGY4OC0zNDM2M2JjN2M0YzAiOnsiY3JlYXRlIjoyNDAwMDAwMDAwMDAwLCJkZWxldGUiOjI0MDAwMDAwMDAwMDAsInJlYWQiOjI0MDAwMDAwMDAwMDAsInVwZGF0ZSI6MzYwMDAwMDAwMDAwMH0sInNjaGVtYV92ZXJzaW9uIjoiMSJ9"
        }
      ]
    },
    {
      "mode": "managed",
      "type": "google_container_node_pool",
      "name": "primary_preemptible_nodes",
      "provider": "provider[\"registry.terraform.io/hashicorp/google\"]",
      "instances": [
        {
          "schema_version": 1,
          "attributes": {
            "autoscaling": [],
            "cluster": "notional-device-422008-e2-gke",
            "id": "projects/notional-device-422008-e2/locations/us-central1-a/clusters/notional-device-422008-e2-gke/nodePools/my-node-pool",
            "initial_node_count": 2,
            "instance_group_urls": [
              "https://www.googleapis.com/compute/v1/projects/notional-device-422008-e2/zones/us-central1-a/instanceGroupManagers/gke-notional-device-4220-my-node-pool-41092a68-grp"
            ],
            "location": "us-central1-a",
            "managed_instance_group_urls": [
              "https://www.googleapis.com/compute/v1/projects/notional-device-422008-e2/zones/us-central1-a/instanceGroups/gke-notional-device-4220-my-node-pool-41092a68-grp"
            ],
            "management": [
              {
                "auto_repair": true,
                "auto_upgrade": true
              }
            ],
            "max_pods_per_node": null,
            "name": "my-node-pool",
            "name_prefix": "",
            "network_config": [
              {
                "create_pod_range": false,
                "enable_private_nodes": false,
                "pod_cidr_overprovision_config": [],
                "pod_ipv4_cidr_block": "",
                "pod_range": ""
              }
            ],
            "node_config": [
              {
                "advanced_machine_features": [],
                "boot_disk_kms_key": "",
                "disk_size_gb": 100,
                "disk_type": "pd-balanced",
                "ephemeral_storage_local_ssd_config": [],
                "gcfs_config": [],
                "guest_accelerator": [],
                "gvnic": [],
                "host_maintenance_policy": [],
                "image_type": "COS_CONTAINERD",
                "kubelet_config": [],
                "labels": {},
                "linux_node_config": [],
                "local_nvme_ssd_block_config": [],
                "local_ssd_count": 0,
                "logging_variant": "DEFAULT",
                "machine_type": "n2-standard-2",
                "metadata": {
                  "disable-legacy-endpoints": "true"
                },
                "min_cpu_platform": "",
                "node_group": "",
                "oauth_scopes": [
                  "https://www.googleapis.com/auth/devstorage.read_only",
                  "https://www.googleapis.com/auth/logging.write",
                  "https://www.googleapis.com/auth/monitoring",
                  "https://www.googleapis.com/auth/service.management.readonly",
                  "https://www.googleapis.com/auth/servicecontrol",
                  "https://www.googleapis.com/auth/trace.append"
                ],
                "preemptible": true,
                "reservation_affinity": [],
                "resource_labels": null,
                "service_account": "default",
                "shielded_instance_config": [
                  {
                    "enable_integrity_monitoring": true,
                    "enable_secure_boot": false
                  }
                ],
                "sole_tenant_config": [],
                "spot": false,
                "tags": null,
                "taint": [],
                "workload_metadata_config": []
              }
            ],
            "node_count": 2,
            "node_locations": [
              "us-central1-a"
            ],
            "operation": null,
            "placement_policy": [],
            "project": "notional-device-422008-e2",
            "timeouts": null,
            "upgrade_settings": [
              {
                "blue_green_settings": [],
                "max_surge": 1,
                "max_unavailable": 0,
                "strategy": "SURGE"
              }
            ],
            "version": "1.28.7-gke.1026000"
          },
          "sensitive_attributes": [],
          "private": "eyJlMmJmYjczMC1lY2FhLTExZTYtOGY4OC0zNDM2M2JjN2M0YzAiOnsiY3JlYXRlIjoxODAwMDAwMDAwMDAwLCJkZWxldGUiOjE4MDAwMDAwMDAwMDAsInVwZGF0ZSI6MTgwMDAwMDAwMDAwMH0sInNjaGVtYV92ZXJzaW9uIjoiMSJ9",
          "dependencies": [
            "google_container_cluster.cluser-1"
          ]
        }
      ]
    }
  ],
  "check_results": null
}
